PODS:
  - AMap3DMap (6.2.0):
    - AMapFoundation (~> 1.5)
  - AMapFoundation (1.5.2)
  - AMapLocation (2.6.0):
    - AMapFoundation (~> 1.4)
  - AMapSearch (6.1.1):
    - AMapFoundation (~> 1.4)
  - CenteredCollectionView (2.0.0)
  - Charts (3.1.1):
    - Charts/Core (= 3.1.1)
  - Charts/Core (3.1.1)
  - Hero (1.2.0)
  - IBAnimatable (5.1.0)
  - Reusable (4.0.2):
    - Reusable/Storyboard (= 4.0.2)
    - Reusable/View (= 4.0.2)
  - Reusable/Storyboard (4.0.2)
  - Reusable/View (4.0.2)
  - SwiftyGif (4.1.0)

DEPENDENCIES:
  - AMap3DMap
  - AMapLocation
  - AMapSearch
  - CenteredCollectionView
  - Charts
  - Hero
  - IBAnimatable
  - Reusable
  - SwiftyGif

SPEC REPOS:
  https://github.com/CocoaPods/Specs.git:
    - AMap3DMap
    - AMapFoundation
    - AMapLocation
    - AMapSearch
    - CenteredCollectionView
    - Charts
    - Hero
    - IBAnimatable
    - Reusable
    - SwiftyGif

SPEC CHECKSUMS:
  AMap3DMap: 4170b8e1674883eefc068e277abf4dbaa9ea5f2d
  AMapFoundation: 46b194013a3b06e0e82e8963108ceb972d4200b8
  AMapLocation: 55116a2c8956eab7550cbb56e989aa5cdcc424e3
  AMapSearch: 3dcbf85c403a2a0fe0eda5318caabc272b31f5e1
  CenteredCollectionView: 6548b515645aea6ea89618f4b5ca090191dc8628
  Charts: 90a4d61da0f6e06684c591e3bcab11940fe61736
  Hero: 33dadf2cd1c98af71e213dcbc2902e6e03622a4e
  IBAnimatable: dd81f8f22e9982b05e8ac50794e4c8988cc300f2
  Reusable: 584a5629747c52e0f6a77841b400dc2643f6fa0f
  SwiftyGif: d36c6dfb52e2ca1e48fe349d225f50ec4123ec85

PODFILE CHECKSUM: 3cac69ca3286640d83c8af389d15c81c36bd6b67

COCOAPODS: 1.5.0
